
Microsoft Visual Studio Solution File, Format Version 12.00
# Visual Studio Version 17
VisualStudioVersion = 17.9.34616.47
MinimumVisualStudioVersion = 10.0.40219.1
Project("{FAE04EC0-301F-11D3-BF4B-00C04F79EFBC}") = "st10275468_PROG6221_PoePart1_ThomasK_Gr03", "st10275468_PROG6221_PoePart1_ThomasK_Gr03\st10275468_PROG6221_PoePart1_ThomasK_Gr03.csproj", "{A8974208-CEC2-464E-A064-9B3CB59DEDA1}"
EndProject
Global
	GlobalSection(SolutionConfigurationPlatforms) = preSolution
		Debug|Any CPU = Debug|Any CPU
		Release|Any CPU = Release|Any CPU
	EndGlobalSection
	GlobalSection(ProjectConfigurationPlatforms) = postSolution
		{A8974208-CEC2-464E-A064-9B3CB59DEDA1}.Debug|Any CPU.ActiveCfg = Debug|Any CPU
		{A8974208-CEC2-464E-A064-9B3CB59DEDA1}.Debug|Any CPU.Build.0 = Debug|Any CPU
		{A8974208-CEC2-464E-A064-9B3CB59DEDA1}.Release|Any CPU.ActiveCfg = Release|Any CPU
		{A8974208-CEC2-464E-A064-9B3CB59DEDA1}.Release|Any CPU.Build.0 = Release|Any CPU
	EndGlobalSection
	GlobalSection(SolutionProperties) = preSolution
		HideSolutionNode = FALSE
	EndGlobalSection
	GlobalSection(ExtensibilityGlobals) = postSolution
		SolutionGuid = {8E8E9489-F33F-4010-9346-7BA43C86017A}
	EndGlobalSection
EndGlobal
